{"schema_version":1,"generator_version":"1.0.2","current_commit":"9e93e70a4a9ec6a3dc60553d5098343b1b2a3485","working_tree_has_uncommitted_changes":true,"generated_at":"2026-08-13T02:58:47.6980635Z","input_fingerprint":"21850a1a019a19f54ff1742300e974632a5969bb7277b292c9e0688619b87fc7","scanned_scope":["src","tests","tools","docs","contracts",".github","AGENTS.md","README.md",".gitignore",".gitattributes",".mcp.json","project.godot","export_presets.cfg"],"excluded_directories":[".git",".godot",".references","references","artifacts","vendor","build","dist","cache","exports","generated","node_modules","target","out","bin","obj","addons/godot_mcp","codemap.html","codemap.json","intelligence.json","chunks.jsonl","codemap.lock"],"fingerprint_algorithm":"sha256(UTF-8 path bytes, NUL, exact current file bytes, LF; lexical path order; module roots independently hashed)","module_fingerprints":{".gitattributes":{"tracked_file_count":1,"sha256":"340fb46b24b60947a7914385b771889c8297d24bf14ddf7ee254f7165666956c"},".github":{"tracked_file_count":1,"sha256":"8fa553464971ddbe311be8ba437d075a35b720f52be3efa582650b6d8b2a97a5"},".gitignore":{"tracked_file_count":1,"sha256":"c3a59d5a8a3cb52a8de234367b9c1e24bb7c693fcf0f69c09be392792ad6a680"},"AGENTS.md":{"tracked_file_count":1,"sha256":"af0fa730574aa15a705341cb21c64138556418896b2ff32127931e48313727c7"},"contracts/AGENTS.md":{"tracked_file_count":1,"sha256":"ed05a8876bd53349fe644f5e807fe8872cbd8d3e22d51f24f9901a3841b2ad32"},"contracts/realmz2":{"tracked_file_count":2,"sha256":"d3b5f865bd541e4c62d2dab2645b4f4cb70163063b37d2411579ae8f6e04cb5f"},"docs/adr":{"tracked_file_count":10,"sha256":"c599e11ca185b92de313a4921ee0725df7c900d9c382c58f62767cbb3e25823b"},"docs/AGENTS.md":{"tracked_file_count":1,"sha256":"af649711b7d5fa02de181159ffed50efd0e8ce1863f47b45235d6385f2f3b00c"},"docs/architecture.md":{"tracked_file_count":1,"sha256":"193db1215352b7bf50b71c4606f0b20a8ebbb395ed0bccf63b1083461575d37a"},"docs/classic-application-workflow-status.md":{"tracked_file_count":1,"sha256":"7298486799f79100969cd37d7a06ef1203c93dbc6fb5c170f78ddb4e9402d52b"},"docs/classic-functional-differential.md":{"tracked_file_count":1,"sha256":"530f98e3b6dc8d655f3a9b135de2192a5cdfa2defc05d0abe75be6c5f78a4f91"},"docs/codemap":{"tracked_file_count":3,"sha256":"8bc4b670b9833dc8d2dddb245d0733abe98936b50d68e6ebca743fe028fc1a71"},"docs/development.md":{"tracked_file_count":1,"sha256":"7cff8a21ecd67273e750f74e93b6739efa3ee1163a6d319513df73a53cffe735"},"docs/fidelity-ledger.md":{"tracked_file_count":1,"sha256":"309dc047f3d5974411233f2d3cd7a4154e003cd46cedaa519448e35cc23714c7"},"docs/gameplay-domain-evidence.md":{"tracked_file_count":1,"sha256":"98075ef2e64f16eb57b0e031fabe599e3d66b8d2401e8989340d50d05ac1fb97"},"docs/package-and-save-contracts.md":{"tracked_file_count":1,"sha256":"87ef0855ac34a013ef0f5850824e078fe32acb0a22855a7f9ac8e099ba8e60b9"},"docs/references.lock.json":{"tracked_file_count":1,"sha256":"ea9510c4bbddd927ea236abfcf6f2e7e74b2bf8e53b94583732d18e417142c96"},"docs/rng-evidence.md":{"tracked_file_count":1,"sha256":"b55da2cf1c7f33fd4f68fa8cab08a15d1211137a490d019f62769c958e7a0351"},"docs/roadmap.md":{"tracked_file_count":1,"sha256":"ddeb7f7cc2893c89e91f9c9da4c8db048da26bdbbc230204fd5172afb774c3aa"},"docs/scenario-vm-evidence.md":{"tracked_file_count":1,"sha256":"132d12d514b66e31f098c4d5735d15a9f60354a8664819070073316112ee54c1"},"docs/topology-evidence.md":{"tracked_file_count":1,"sha256":"a7e0c72c2ddfc2c7c56593a10d51f332e36986941c9f612737f2c6ac1310ed82"},"docs/ui-strategy.md":{"tracked_file_count":1,"sha256":"229af308415b77396c4bd563c59a35b461d38e706c450c4cb5d80b6f4d303a98"},"export_presets.cfg":{"tracked_file_count":1,"sha256":"095886f8844d5235c677c0547660e1e4df847c038a5d89939f17af738d760e86"},"project.godot":{"tracked_file_count":1,"sha256":"95305a395a728517377441a8aa6af561124d38396e249d4b8a29e21016a142ad"},"README.md":{"tracked_file_count":1,"sha256":"09010d4506641f58ab2ff4d955c537c6e2ae3daa5403e5083eacdedb40e11e10"},"src/app":{"tracked_file_count":5,"sha256":"4ac101826ebe875605eaf78a83b358bc25d8b680938e9a0fbba737874c19752f"},"src/core":{"tracked_file_count":137,"sha256":"9c3e69eb45341dc5fb30eaa80711db9f4e071a433b35525efb76f5f8ea69ba1f"},"src/infrastructure":{"tracked_file_count":17,"sha256":"94cf5f6bc25b751c5e41a0a0ad0433f736fa8007576974f07f0139bdf573d3e4"},"src/presentation":{"tracked_file_count":64,"sha256":"80e0700300be4daa7442c3adc8951361d0175879bb61c4ac0c48905c79d0ae4b"},"src/scenario":{"tracked_file_count":23,"sha256":"b85d963c327947c62386de5bc9a206a4bf29aebd868824cf5a392c07a4cf9bdf"},"tests/AGENTS.md":{"tracked_file_count":1,"sha256":"8d766b641e5bea970911479fe0d8ee2bd3566ef1dfb5241f5d438d1b4b5ad334"},"tests/core":{"tracked_file_count":6,"sha256":"17e9eae4a3dd1856771662d96f8984c6efa0780be6d90df69eb60a3c054dc3f5"},"tests/fixtures":{"tracked_file_count":37,"sha256":"682e6f790aacb7a81051c892b6ad4bd39cde6e7b96d084702f783bcb44a6d93d"},"tests/infrastructure":{"tracked_file_count":4,"sha256":"51c7d25c7f1958731112aa3e8faa13ac755d49fa15235b1d1260f32673e420e7"},"tests/integration":{"tracked_file_count":8,"sha256":"6da312efb250bec2f010bbc8a6a803684f8be4cc2ca13b6503f471c93ab4c95f"},"tests/presentation":{"tracked_file_count":5,"sha256":"f67d0ec3ee7a184e96eae6f701360543090de65c9b9df321e468e0fb89bfca36"},"tests/scenario":{"tracked_file_count":2,"sha256":"f143002d5709b84c28495432a0c8f1217d392527eea4c5da1f3803189bf20952"},"tests/test_case.gd":{"tracked_file_count":1,"sha256":"51f42e5ffe0f50fa6dd1d29d294990764f1ccabe60bc3a2d11e785dee8dc014e"},"tests/test_runner.gd":{"tracked_file_count":1,"sha256":"53fe2b6c4d9cc65c91a26660a692c5d9392397cd5902e29c47e42fbefc1681cd"},"tools/AGENTS.md":{"tracked_file_count":1,"sha256":"cff3ace57f34990240a88c54e265b4e39d9f29a5d74edd4cd599002b8c8b2624"},"tools/corpus_acceptance.ps1":{"tracked_file_count":1,"sha256":"873dd3cf54105b8d0f6e2d3c2000818603de4e6fc943f9f26d591cba9b035479"},"tools/create_tampered_fixture.ps1":{"tracked_file_count":1,"sha256":"8ecb5e245a140980ab0854c0711723bfb2acccf7580130f9887ae7de34a4f527"},"tools/package_probe.gd":{"tracked_file_count":1,"sha256":"d1e6fccec31bddb7cafba8a64cf0ad5050ebc882b767550f52e4f7be62358cc1"},"tools/route_acceptance.gd":{"tracked_file_count":1,"sha256":"c085d09835fba555b093ca6cf22b1a3bdef27aa7293f583a6b8dcfcefb588d2e"},"tools/run_tests.ps1":{"tracked_file_count":1,"sha256":"46471c89d0573dc281ecc365a7e9619f536e203f41b0ed4a08a388266c52ad4d"},"tools/source-intelligence":{"tracked_file_count":4,"sha256":"c27f3ca6231aa35b7f6152200c0d12740dcb21d55635c00687b366f922353118"},"tools/stream_process.ps1":{"tracked_file_count":1,"sha256":"af5a3beadec252989c610eec061d5db7353f14ea1245ed7f4e7d912e5e5226a4"},"tools/ui-assets":{"tracked_file_count":9,"sha256":"dff9f25a8b836e02391bbb2812fedd017d063263722b21dc20eee3d375550114"},"tools/verify_application_workflow_inventory.ps1":{"tracked_file_count":1,"sha256":"d00985415522709d4baebdc4998bcc8ae9341e9ab3256951abb025e2059766f1"},"tools/verify_architecture.ps1":{"tracked_file_count":1,"sha256":"2f2942db68d5835f3d604391432d27dc80db6f6da39a5e9d830fdb0a5304eaa7"},"tools/verify_differential_evidence.ps1":{"tracked_file_count":1,"sha256":"f3a6b1c7eeb1a66a32b0b9e21e0ba69bde9d044815fd9e5532782f5a482d52bd"},"tools/verify_export_contract.ps1":{"tracked_file_count":1,"sha256":"b2b170766aee145832e69b44efaa4d87858aab9c7a2a0eefbabc88347836e1b7"},"tools/verify_workflow.ps1":{"tracked_file_count":1,"sha256":"41b53dd92e4730efeca5078a823ec4a0a23361e3e57208e18f80a2b16b36e282"},"tools/verify.ps1":{"tracked_file_count":1,"sha256":"c7c756884f9dc45183a18af5d129a7319fa75bf8b8f9a84629bdde5ecee17aac"}},"output_hashes":{"codemap.html":"52f8402888ac6edfed513e36ab8100cf37f9df069e8ce7c1a57a3264fb7a1a42","codemap.json":"31cd834c69a03833e281c528a0813df6cd89d56df47eff090a8c9d116b51a82a","intelligence.json":"feb2cbf38bbbfdd6ba84ffa377a1ad3f14da2e5fc94ed485f52d1eb4fbaa0e6b","chunks.jsonl":"65779c91e7f6d1ca0ef0da3392c2e6dca4d79d5af4fa1a03201f4192c7f7a20c"},"generated_files":["codemap.html","codemap.json","intelligence.json","chunks.jsonl","codemap.lock"]}