{"schema_version":1,"generator_version":"1.0.2","current_commit":"f0c78ee1c70ff47d91164e3cb097b0415e9f756b","working_tree_has_uncommitted_changes":true,"generated_at":"2026-08-15T18:18:42.0253202Z","input_fingerprint":"eaef7a056ba727e38487f6c7b1c16c5c8b6770f410cdf386c4ba8c8a0850c99d","scanned_scope":["src","tests","tools","docs","contracts",".github","AGENTS.md","README.md",".gitignore",".gitattributes",".mcp.json","project.godot","export_presets.cfg"],"excluded_directories":[".git",".godot",".references","references","artifacts","vendor","build","dist","cache","exports","generated","node_modules","target","out","bin","obj","addons/godot_mcp","codemap.html","codemap.json","intelligence.json","chunks.jsonl","codemap.lock"],"fingerprint_algorithm":"sha256(UTF-8 path bytes, NUL, exact current file bytes, LF; lexical path order; module roots independently hashed)","module_fingerprints":{".gitattributes":{"tracked_file_count":1,"sha256":"340fb46b24b60947a7914385b771889c8297d24bf14ddf7ee254f7165666956c"},".github":{"tracked_file_count":1,"sha256":"8fa553464971ddbe311be8ba437d075a35b720f52be3efa582650b6d8b2a97a5"},".gitignore":{"tracked_file_count":1,"sha256":"b0b3d35af74f790ada6a219963a1538f2c0fdcda0a598612664109091b203401"},"AGENTS.md":{"tracked_file_count":1,"sha256":"32ee4d4cf3fdf69a2ddee1ff4a0d69e0fb9109bb35e77b4a0de630d843ee4c1b"},"contracts/AGENTS.md":{"tracked_file_count":1,"sha256":"e60356e011057b5d367a4a82c8b66d60ace34ff7b2711cb60c7e6c743f2dfd44"},"contracts/realmz2":{"tracked_file_count":2,"sha256":"8f912528046d00f778ad7bfa777d7ef45217cc0d4c26d2fbf36085d09b71205d"},"docs/adr":{"tracked_file_count":13,"sha256":"fc2670c167d4c2b699250283614b81d2423d5676980d51eae811a6c28f9fed92"},"docs/AGENTS.md":{"tracked_file_count":1,"sha256":"af649711b7d5fa02de181159ffed50efd0e8ce1863f47b45235d6385f2f3b00c"},"docs/architecture.md":{"tracked_file_count":1,"sha256":"193db1215352b7bf50b71c4606f0b20a8ebbb395ed0bccf63b1083461575d37a"},"docs/classic-application-workflow-status.md":{"tracked_file_count":1,"sha256":"b1d8cf617f351fd86996dc3320ace76d89ae74406e270a2ad16d257c390cc0f1"},"docs/classic-functional-differential.md":{"tracked_file_count":1,"sha256":"92bc281ccb74b399ab9f1ae39e01b7c4ac6c0c16f6240fdd6ef65f0a4d9ea0b5"},"docs/codemap":{"tracked_file_count":3,"sha256":"8bc4b670b9833dc8d2dddb245d0733abe98936b50d68e6ebca743fe028fc1a71"},"docs/development.md":{"tracked_file_count":1,"sha256":"9dc8558f4b9d9bd7937b9a8e5f7f2ae27b91a3e77406d0ad2f2670e7544a9832"},"docs/fidelity-ledger.md":{"tracked_file_count":1,"sha256":"9237291f45f885eac6cb374bb17a826fb1f1bc368f03dc5dd2f40ed30ff6fb15"},"docs/gameplay-domain-evidence.md":{"tracked_file_count":1,"sha256":"747884c01465cd127eaef320159629cff4be404fd5190b76ff21428a7138d653"},"docs/package-and-save-contracts.md":{"tracked_file_count":1,"sha256":"a05293d111396da80bd7ea76cdece26ccc0d18ade46cc0ae53f68b5e2475389b"},"docs/references.lock.json":{"tracked_file_count":1,"sha256":"22ef0f953ceb5ab50101a9977e8d143a7a89d058d43a4b5cd5a3a7bc49bc1e97"},"docs/rng-evidence.md":{"tracked_file_count":1,"sha256":"b55da2cf1c7f33fd4f68fa8cab08a15d1211137a490d019f62769c958e7a0351"},"docs/roadmap.md":{"tracked_file_count":1,"sha256":"3177d02ff422265b5eb3526c5d3c5f1008e039fd5501dc19f88b1913edc75122"},"docs/scenario-vm-evidence.md":{"tracked_file_count":1,"sha256":"132d12d514b66e31f098c4d5735d15a9f60354a8664819070073316112ee54c1"},"docs/topology-evidence.md":{"tracked_file_count":1,"sha256":"0455d398aa97426641b4c27bdc8255b2078604f5769c6e75fc4860ad9aa2d60d"},"docs/ui-strategy.md":{"tracked_file_count":1,"sha256":"e490c514100e179ebb8381cd1b05644d4286afa356c83a904f0238c8a6580305"},"export_presets.cfg":{"tracked_file_count":1,"sha256":"97ac62febe837d0a5296a5d1dd15eee4a2ab956d95bb6188e8a3113643c442f2"},"project.godot":{"tracked_file_count":1,"sha256":"95305a395a728517377441a8aa6af561124d38396e249d4b8a29e21016a142ad"},"README.md":{"tracked_file_count":1,"sha256":"09010d4506641f58ab2ff4d955c537c6e2ae3daa5403e5083eacdedb40e11e10"},"src/app":{"tracked_file_count":15,"sha256":"2283f75eaddc13112a6f2186bb7b84f86cd0f3521e58d713689e372c59a75e81"},"src/core":{"tracked_file_count":156,"sha256":"707af7460ba897227eb28672857cec53ccffafb41a0e2305d5602990b0dcfa4c"},"src/infrastructure":{"tracked_file_count":28,"sha256":"e322399a047e13b107fc8e46b9be3a5b6ab8d6bca5c9b27aa2b177d84aacebd0"},"src/presentation":{"tracked_file_count":73,"sha256":"018ecf1c88a0ba4ab6a04753ae49e4e4d1a1179cc4757e8acc686f69ae6ca8e5"},"src/scenario":{"tracked_file_count":25,"sha256":"eaa8fec7c272914a9a152b91936bd3ffd51a39526651e29a5fae03208b1661a3"},"src/session":{"tracked_file_count":14,"sha256":"217aa33534329b44e0dffe99e83de185cc19d0f6f69609896e1a01ccf7dd1a93"},"tests/AGENTS.md":{"tracked_file_count":1,"sha256":"a81c48a774238fc9dd9725dd040681a18a1d03cbe45a1e5095b841fb406478c2"},"tests/core":{"tracked_file_count":7,"sha256":"72c73838bd07d9a1efdcace90f44f201f3d2ecfccb6e9a204c8f3313e58ac2d1"},"tests/fixtures":{"tracked_file_count":40,"sha256":"59f6c5a29f35913b49b307cad571e473afdbc9e76adf848b7c677ca83eac8815"},"tests/infrastructure":{"tracked_file_count":4,"sha256":"5902512418f91868a476dc70136528d2005cfd0366825c106cd35cdeb9af3dca"},"tests/integration":{"tracked_file_count":8,"sha256":"1da4eb1fe61e3d27b3c7d414beaf18b8bfea19f86cd53af0e891eac428374b97"},"tests/presentation":{"tracked_file_count":5,"sha256":"5e7595dac4ff57986617db8f470b4a2509183bf687d6febcd7efb84a706f9d0b"},"tests/scenario":{"tracked_file_count":2,"sha256":"173be6780a8b6b21d32789eee7869cd046f4d0b401b64d3081125188840fa5a1"},"tests/test_case.gd":{"tracked_file_count":1,"sha256":"fdd7d408861252e106d0edc0c6e9c5584e8da6f19e94b6205fc3f6d755af1568"},"tests/test_runner.gd":{"tracked_file_count":1,"sha256":"df2dc846f7e4cb081519610258110d5830f417ebb65c117d2c22d4b15cf97f55"},"tools/AGENTS.md":{"tracked_file_count":1,"sha256":"5ca4743f057d9968d608c82817cd5efc18890f5db25f5c903cab70db3670826d"},"tools/corpus_acceptance.ps1":{"tracked_file_count":1,"sha256":"873dd3cf54105b8d0f6e2d3c2000818603de4e6fc943f9f26d591cba9b035479"},"tools/create_tampered_fixture.ps1":{"tracked_file_count":1,"sha256":"8ecb5e245a140980ab0854c0711723bfb2acccf7580130f9887ae7de34a4f527"},"tools/package_discovery_probe.gd":{"tracked_file_count":1,"sha256":"be0712b6bf759e859be50c8b21a2d01ae1776aecb04cf7458164e569ea934603"},"tools/package_probe.gd":{"tracked_file_count":1,"sha256":"a67026542f6604b8910d0523823a8a829a539a9d4cb420729f61d4155c8be1f7"},"tools/route_acceptance.gd":{"tracked_file_count":1,"sha256":"7ef12733ee4228c63f843734920785786e394738069d172afb319963f3cc713e"},"tools/run_tests.ps1":{"tracked_file_count":1,"sha256":"46471c89d0573dc281ecc365a7e9619f536e203f41b0ed4a08a388266c52ad4d"},"tools/source-intelligence":{"tracked_file_count":4,"sha256":"e6b7b9e4e5d10355dbb42f32930a4eb4cf7d89c4a7f7715e2126b962b801fd63"},"tools/stream_process.ps1":{"tracked_file_count":1,"sha256":"42bc2cdc7af7faf1849d93feaa0784f1be885246ec7f07969466a107e74467c0"},"tools/ui-assets":{"tracked_file_count":9,"sha256":"f1850fb0c80fc0dc01af10f43b4a6b9f1cf4348fb1db0225bdfeeb4245cc23ef"},"tools/verify_application_workflow_inventory.ps1":{"tracked_file_count":1,"sha256":"0402985735b1640b541dd496dec78ace55c00037cb6c0083d444db9df8a89770"},"tools/verify_architecture.ps1":{"tracked_file_count":1,"sha256":"fdda1caaa45c124b1b7fff4e5e305feab3757cc580af1bf50afec5b50bbb08e4"},"tools/verify_differential_evidence.ps1":{"tracked_file_count":1,"sha256":"f3a6b1c7eeb1a66a32b0b9e21e0ba69bde9d044815fd9e5532782f5a482d52bd"},"tools/verify_export_contract.ps1":{"tracked_file_count":1,"sha256":"b2b170766aee145832e69b44efaa4d87858aab9c7a2a0eefbabc88347836e1b7"},"tools/verify_workflow.ps1":{"tracked_file_count":1,"sha256":"c60b14a8cf6b020aedeac3414e9069654968a0e5c7318d0a475907e240ecf5c0"},"tools/verify.ps1":{"tracked_file_count":1,"sha256":"c7c756884f9dc45183a18af5d129a7319fa75bf8b8f9a84629bdde5ecee17aac"}},"output_hashes":{"codemap.html":"7b902966ce71b9ced8ff936bfc1db1abd9ed7b1f10a61bad46aafab824eff2ba","codemap.json":"b70e50db3d7ec043cc3e409e8a6bb5fbc028d4a41f02e7af80a3d9b7ad8c1097","intelligence.json":"abcf82848648476cadf13c31f4813518da984ecac854f6d1b2e72b6f94962e00","chunks.jsonl":"7fb4380ca79c4467f85b0cb367e603df31e3928db6fba3658ca9d284042a5939"},"generated_files":["codemap.html","codemap.json","intelligence.json","chunks.jsonl","codemap.lock"]}