{"schema_version":1,"generator_version":"1.0.2","current_commit":"cad5e6191368b658121f1c740bc9a9782bcf5cb4","working_tree_has_uncommitted_changes":false,"generated_at":"2026-08-11T16:32:52.1027999Z","input_fingerprint":"e900f083dd684f86f7e85b04185a84be8be05cb76572fdd4443ef7c1dac45319","scanned_scope":["src","tests","tools","docs","contracts",".github","AGENTS.md","README.md",".gitignore",".gitattributes",".mcp.json","project.godot","export_presets.cfg"],"excluded_directories":[".git",".godot",".references","references","artifacts","vendor","build","dist","cache","exports","generated","node_modules","target","out","bin","obj","addons/godot_mcp","codemap.html","codemap.json","intelligence.json","chunks.jsonl","codemap.lock"],"fingerprint_algorithm":"sha256(UTF-8 path bytes, NUL, exact current file bytes, LF; lexical path order; module roots independently hashed)","module_fingerprints":{".gitattributes":{"tracked_file_count":1,"sha256":"340fb46b24b60947a7914385b771889c8297d24bf14ddf7ee254f7165666956c"},".github":{"tracked_file_count":1,"sha256":"8fa553464971ddbe311be8ba437d075a35b720f52be3efa582650b6d8b2a97a5"},".gitignore":{"tracked_file_count":1,"sha256":"c3a59d5a8a3cb52a8de234367b9c1e24bb7c693fcf0f69c09be392792ad6a680"},"AGENTS.md":{"tracked_file_count":1,"sha256":"6c8978536dfc4c17101f4f9edd46741506266897d7494396f55f0ecbb10c101d"},"contracts/AGENTS.md":{"tracked_file_count":1,"sha256":"81c3a0ed161d2d3e64b6585af89bfa2bf54f7fd76834cf6e4c95559be7f3197d"},"contracts/realmz2":{"tracked_file_count":2,"sha256":"82d87b7ecc8d6c4d09e6f680c02dd548be65efd28f400ba821b573268e3ec23c"},"docs/adr":{"tracked_file_count":10,"sha256":"c599e11ca185b92de313a4921ee0725df7c900d9c382c58f62767cbb3e25823b"},"docs/AGENTS.md":{"tracked_file_count":1,"sha256":"ac869e9dddbda28e320a8097788a93648664fd7467c98c7d910262855c6394c2"},"docs/architecture.md":{"tracked_file_count":1,"sha256":"054e14941dbaf450ad21935d09f8e7e63b94f7ffc4608eb197f429acb585b0dc"},"docs/classic-application-workflow-status.md":{"tracked_file_count":1,"sha256":"36fda11b67ab42e15352b47554bcf286404a686e8d6a7374420711157c330c6b"},"docs/classic-functional-differential.md":{"tracked_file_count":1,"sha256":"77f358e4e487ff15cd43892b769c65b2ca3078301290a51a220442095658c049"},"docs/codemap":{"tracked_file_count":3,"sha256":"8bc4b670b9833dc8d2dddb245d0733abe98936b50d68e6ebca743fe028fc1a71"},"docs/development.md":{"tracked_file_count":1,"sha256":"128561bdfb5239bc860145973210dd44dfaa81654c3f38292b735ed2e2e076c7"},"docs/fidelity-ledger.md":{"tracked_file_count":1,"sha256":"1453aea9e7221e7d77f0d66ccb656ac2121a26e8b0cff4948d46f7ab92ae9303"},"docs/gameplay-domain-evidence.md":{"tracked_file_count":1,"sha256":"e90dad111a786896ebfe5a342b17065331cc3c60a57a16719442a1a7a63b0ea9"},"docs/package-and-save-contracts.md":{"tracked_file_count":1,"sha256":"50f7318071ee3236ecfb111d425e3854dade6c15767b7a75aa500cd3f1e2dc77"},"docs/references.lock.json":{"tracked_file_count":1,"sha256":"96b169513780bcc23e79e1a2fbf3eaef68b48621ec1a9e8907b227a367e14aa5"},"docs/rng-evidence.md":{"tracked_file_count":1,"sha256":"b55da2cf1c7f33fd4f68fa8cab08a15d1211137a490d019f62769c958e7a0351"},"docs/roadmap.md":{"tracked_file_count":1,"sha256":"457764792fd7ba5d55cd3e80a2d62a34f9908587447a3e734fc1b0556321ece5"},"docs/scenario-vm-evidence.md":{"tracked_file_count":1,"sha256":"132d12d514b66e31f098c4d5735d15a9f60354a8664819070073316112ee54c1"},"docs/topology-evidence.md":{"tracked_file_count":1,"sha256":"a7e0c72c2ddfc2c7c56593a10d51f332e36986941c9f612737f2c6ac1310ed82"},"docs/ui-strategy.md":{"tracked_file_count":1,"sha256":"cb0400d7410d95ca2e8a1f7fb3d7f1ee260417de640c7cd3c17b4f22410f41c2"},"export_presets.cfg":{"tracked_file_count":1,"sha256":"138054efd963776ba4ccd21e2f76658c7d57ee3e4a9eaae1f979114b8de6cb7e"},"project.godot":{"tracked_file_count":1,"sha256":"498965ee8e9321e2570373275e0812065dc5a7acf2b9053fbf16e20a51155a4e"},"README.md":{"tracked_file_count":1,"sha256":"b3c69bcdef91b2b3b345be2662b8aef1ccad1a4d94dd229050e568e2e1df171e"},"src/app":{"tracked_file_count":4,"sha256":"dde8a28639c368897bbbb6c0da547e74ee1dce8f57b7264b657e543e00d30302"},"src/core":{"tracked_file_count":131,"sha256":"74e51df65d2ccd9a0c02ae9aaccbf8590973209f15aa1a36922c66f285af77bd"},"src/infrastructure":{"tracked_file_count":14,"sha256":"a9cdf193b9279dc2594ebe2a2b81701f38b119c25db706f073e47cc43f056622"},"src/presentation":{"tracked_file_count":54,"sha256":"12a4bfef84864aeb72a16598f0e8ebef55ae063e89742b1d5e68dfddf4b4ef88"},"src/scenario":{"tracked_file_count":22,"sha256":"15f35c0fc11afa19baf4e37b89ce7d33895b53385393c8e32268cae7ed0fcbf3"},"tests/AGENTS.md":{"tracked_file_count":1,"sha256":"e6c8375f36e1dbe9ac47eff9dfacf022a109390e625aa67ebab219c21be05740"},"tests/core":{"tracked_file_count":6,"sha256":"c42892878db831cd3ec42ffa0a33fc5d02d08a1f438ff0f2d5fea171a4c11428"},"tests/fixtures":{"tracked_file_count":30,"sha256":"4215b4f17aae00842fae70fff34ab55997cb3e6aa9fa82aac601ac230420565c"},"tests/infrastructure":{"tracked_file_count":2,"sha256":"06b5eda0f233582233b86a2a71767943585ce4faa8e0c99f1b11a3154b84d973"},"tests/integration":{"tracked_file_count":8,"sha256":"1f564357a88fa2023f0689fa1bcaa664517970f92818900bc75513d6816c0def"},"tests/presentation":{"tracked_file_count":5,"sha256":"e08907ef602ddfea5c77344f016fee738e70c1b7c47b76f2e1783ceb6d283fda"},"tests/scenario":{"tracked_file_count":2,"sha256":"8494d7101baf89cae56a92406dbc88a5739481304c5e20cc9c0f186bd0873d4c"},"tests/test_case.gd":{"tracked_file_count":1,"sha256":"c723005f81443ea6289f7ece1851662a839cca344d59a6a9c13f9e541a5cf1d3"},"tests/test_runner.gd":{"tracked_file_count":1,"sha256":"c6017cd540a416b8109cf58e17c12b7748bd390d2dd76d893a7b52fb8f7b2c9e"},"tools/AGENTS.md":{"tracked_file_count":1,"sha256":"b83cae545e3ee96a7b187019fc2f7c0f8630fb341ff6abef240263a05eeefc1a"},"tools/corpus_acceptance.ps1":{"tracked_file_count":1,"sha256":"873dd3cf54105b8d0f6e2d3c2000818603de4e6fc943f9f26d591cba9b035479"},"tools/create_tampered_fixture.ps1":{"tracked_file_count":1,"sha256":"8ecb5e245a140980ab0854c0711723bfb2acccf7580130f9887ae7de34a4f527"},"tools/package_probe.gd":{"tracked_file_count":1,"sha256":"d7bb23212cd5bac7ae140a5a590e91b021d6504a0f0b58df5a3b0ffdd0adc405"},"tools/route_acceptance.gd":{"tracked_file_count":1,"sha256":"c085d09835fba555b093ca6cf22b1a3bdef27aa7293f583a6b8dcfcefb588d2e"},"tools/source-intelligence":{"tracked_file_count":4,"sha256":"57234243b49c948b95d3885a73a9faefb008310f7990d532007d57b24be971c2"},"tools/ui-assets":{"tracked_file_count":6,"sha256":"fd1016f48c93060ee8dfd2ae306ba0f7c660fab7ca59384ed555468f1b12a483"},"tools/verify_application_workflow_inventory.ps1":{"tracked_file_count":1,"sha256":"bbb23fdc907151180957cfb212410e603727906986ffdb8fe87279af9d589532"},"tools/verify_architecture.ps1":{"tracked_file_count":1,"sha256":"2f2942db68d5835f3d604391432d27dc80db6f6da39a5e9d830fdb0a5304eaa7"},"tools/verify_differential_evidence.ps1":{"tracked_file_count":1,"sha256":"f3a6b1c7eeb1a66a32b0b9e21e0ba69bde9d044815fd9e5532782f5a482d52bd"},"tools/verify_export_contract.ps1":{"tracked_file_count":1,"sha256":"68434bb83ac15149a6f57695c445ca50a920da81678482664ca5ece0e5642663"},"tools/verify_workflow.ps1":{"tracked_file_count":1,"sha256":"dcd0b2fc3a1542116705f48c498a7cb43f3919136cbeffbf1105de431e757442"},"tools/verify.ps1":{"tracked_file_count":1,"sha256":"bc8098cae0d264032149714cc422b03c26dee00dc975b3554b7edd6d255b8c0e"}},"output_hashes":{"codemap.html":"d439365b9f898ecf87a4fbd58d1b55b5d3cfe5ed77bec8de1fe88177fbf8a0f0","codemap.json":"fd54f1ac186cff43c7ee343d2b5506c3563dd3e1b7a4f1f1c2ca263d00aabe3d","intelligence.json":"29666a38a4e8b7c7f064f3c5b01675bda25f0f13dbea389a0a34aad0ba934e7f","chunks.jsonl":"60e8ccad30f71fc891dd12827ee731a26482a28e7c235a1c2e3e70a0df346014"},"generated_files":["codemap.html","codemap.json","intelligence.json","chunks.jsonl","codemap.lock"]}